{
  "requires": true,
  "lockfileVersion": 1,
  "dependencies": {
    "iconv-lite": {
      "version": "0.2.5",
      "resolved": "https://registry.npmjs.org/iconv-lite/-/iconv-lite-0.2.5.tgz",
      "integrity": "sha1-6fIVUDf0r9AAwJWx1a2IMcTF6sw="
    },
    "nodegrass": {
      "version": "0.0.3",
      "resolved": "https://registry.npmjs.org/nodegrass/-/nodegrass-0.0.3.tgz",
      "integrity": "sha1-GMWZkzIEo+EgzmwgzVlL82jKBII=",
      "requires": {
        "iconv-lite": "0.2.5"
      }
    }
  }
}
